
Microsoft Visual Studio Solution File, Format Version 10.00
# Visual C++ Express 2008
Project("{8BC9CEB8-8B4A-11D0-8D11-00A0C91BC942}") = "godrpg", "godrpg_vc9.vcproj", "{ECE7AD0C-79C3-422D-8B81-ED2384B201F9}"
EndProject
Global
	GlobalSection(SolutionConfigurationPlatforms) = preSolution
		Debug|Win32 = Debug|Win32
		Release|Win32 = Release|Win32
	EndGlobalSection
	GlobalSection(ProjectConfigurationPlatforms) = postSolution
		{ECE7AD0C-79C3-422D-8B81-ED2384B201F9}.Debug|Win32.ActiveCfg = Debug|Win32
		{ECE7AD0C-79C3-422D-8B81-ED2384B201F9}.Debug|Win32.Build.0 = Debug|Win32
		{ECE7AD0C-79C3-422D-8B81-ED2384B201F9}.Release|Win32.ActiveCfg = Release|Win32
		{ECE7AD0C-79C3-422D-8B81-ED2384B201F9}.Release|Win32.Build.0 = Release|Win32
	EndGlobalSection
	GlobalSection(SolutionProperties) = preSolution
		HideSolutionNode = FALSE
	EndGlobalSection
EndGlobal
